{
  "name": "starknet-anchor-v2",
  "lockfileVersion": 2,
  "requires": true,
  "packages": {
    "": {
      "dependencies": {
        "arrbuf2hex": "^1.2.1"
      }
    },
    "node_modules/arrbuf2hex": {
      "version": "1.2.1",
      "resolved": "https://registry.npmjs.org/arrbuf2hex/-/arrbuf2hex-1.2.1.tgz",
      "integrity": "sha512-1pmxn1xtqnEiLoJGpWFY3lq/ctkxMinPdLhpSb5KAFn+xbaK2GTjUdW20CLExqUJx/wPup7ygHrX1B/YzLgwXQ=="
    }
  },
  "dependencies": {
    "arrbuf2hex": {
      "version": "1.2.1",
      "resolved": "https://registry.npmjs.org/arrbuf2hex/-/arrbuf2hex-1.2.1.tgz",
      "integrity": "sha512-1pmxn1xtqnEiLoJGpWFY3lq/ctkxMinPdLhpSb5KAFn+xbaK2GTjUdW20CLExqUJx/wPup7ygHrX1B/YzLgwXQ=="
    }
  }
}
